
Microsoft Visual Studio Solution File, Format Version 12.00
# Visual Studio 15
VisualStudioVersion = 15.0.28010.2036
MinimumVisualStudioVersion = 10.0.40219.1
Project("{9A19103F-16F7-4668-BE54-9A1E7A4F7556}") = "Homagix.Shared", "Homagix.Shared\Homagix.Shared.csproj", "{75FECEE0-5589-4EEB-A557-1EAC37CA9E68}"
EndProject
Project("{9A19103F-16F7-4668-BE54-9A1E7A4F7556}") = "Homagix.Server", "Homagix.Server\Homagix.Server.csproj", "{A6886708-5D0B-4374-9D1F-18254B259BD8}"
EndProject
Project("{9A19103F-16F7-4668-BE54-9A1E7A4F7556}") = "Homagix.Client", "Homagix.Client\Homagix.Client.csproj", "{6FF4FFF8-6FB4-4C0C-854C-BA583AA212AA}"
EndProject
Global
	GlobalSection(SolutionConfigurationPlatforms) = preSolution
		Debug|Any CPU = Debug|Any CPU
		Release|Any CPU = Release|Any CPU
	EndGlobalSection
	GlobalSection(ProjectConfigurationPlatforms) = postSolution
		{75FECEE0-5589-4EEB-A557-1EAC37CA9E68}.Debug|Any CPU.ActiveCfg = Debug|Any CPU
		{75FECEE0-5589-4EEB-A557-1EAC37CA9E68}.Debug|Any CPU.Build.0 = Debug|Any CPU
		{75FECEE0-5589-4EEB-A557-1EAC37CA9E68}.Release|Any CPU.ActiveCfg = Release|Any CPU
		{75FECEE0-5589-4EEB-A557-1EAC37CA9E68}.Release|Any CPU.Build.0 = Release|Any CPU
		{A6886708-5D0B-4374-9D1F-18254B259BD8}.Debug|Any CPU.ActiveCfg = Debug|Any CPU
		{A6886708-5D0B-4374-9D1F-18254B259BD8}.Debug|Any CPU.Build.0 = Debug|Any CPU
		{A6886708-5D0B-4374-9D1F-18254B259BD8}.Release|Any CPU.ActiveCfg = Release|Any CPU
		{A6886708-5D0B-4374-9D1F-18254B259BD8}.Release|Any CPU.Build.0 = Release|Any CPU
		{6FF4FFF8-6FB4-4C0C-854C-BA583AA212AA}.Debug|Any CPU.ActiveCfg = Debug|Any CPU
		{6FF4FFF8-6FB4-4C0C-854C-BA583AA212AA}.Debug|Any CPU.Build.0 = Debug|Any CPU
		{6FF4FFF8-6FB4-4C0C-854C-BA583AA212AA}.Release|Any CPU.ActiveCfg = Release|Any CPU
		{6FF4FFF8-6FB4-4C0C-854C-BA583AA212AA}.Release|Any CPU.Build.0 = Release|Any CPU
	EndGlobalSection
	GlobalSection(SolutionProperties) = preSolution
		HideSolutionNode = FALSE
	EndGlobalSection
	GlobalSection(ExtensibilityGlobals) = postSolution
		SolutionGuid = {4CC1E13A-C8B4-4DA4-B734-72CBC5D20C89}
	EndGlobalSection
EndGlobal
